
Microsoft Visual Studio Solution File, Format Version 12.00
# Visual Studio Version 16
VisualStudioVersion = 16.0.31729.503
MinimumVisualStudioVersion = 10.0.40219.1
Project("{2150E333-8FDC-42A3-9474-1A3956D46DE8}") = "Services", "Services", "{813415B2-6FAE-4116-892C-33F58E4B09B6}"
EndProject
Project("{2150E333-8FDC-42A3-9474-1A3956D46DE8}") = "Catalog", "Catalog", "{98799589-B4E0-4B7A-A09F-662A90BFF3E4}"
EndProject
Project("{9A19103F-16F7-4668-BE54-9A1E7A4F7556}") = "Catalog.API", "Services\Catalog\Catalog.API\Catalog.API.csproj", "{54C4AE34-E91C-4CA6-BA70-4056E290AC28}"
EndProject
Project("{E53339B2-1760-4266-BCC7-CA923CBCF16C}") = "docker-compose", "docker-compose.dcproj", "{EA209A75-69D8-4695-955D-CF8E3FF7B5D5}"
EndProject
Project("{2150E333-8FDC-42A3-9474-1A3956D46DE8}") = "Basket", "Basket", "{7F340637-C731-49BF-9E0D-914BC218C9E3}"
EndProject
Project("{9A19103F-16F7-4668-BE54-9A1E7A4F7556}") = "Basket.API", "Services\Basket\Basket.API\Basket.API.csproj", "{C0E853C4-58C4-493E-9DDF-C169742ED6E0}"
EndProject
Project("{2150E333-8FDC-42A3-9474-1A3956D46DE8}") = "Discount", "Discount", "{7648FFEC-2115-4A73-9164-22DBA32929C3}"
EndProject
Project("{9A19103F-16F7-4668-BE54-9A1E7A4F7556}") = "Discount.API", "Services\Discount\Discount.API\Discount.API.csproj", "{5CD797A4-9FBD-4357-A808-81709094860E}"
EndProject
Project("{9A19103F-16F7-4668-BE54-9A1E7A4F7556}") = "Discount.Grpc", "Services\Discount\Discount.Grpc\Discount.Grpc.csproj", "{871DC170-BB4B-43F1-8C01-B354BBACDECE}"
EndProject
Project("{2150E333-8FDC-42A3-9474-1A3956D46DE8}") = "Ordering", "Ordering", "{59424D70-FA39-4F37-BEA4-A2E59E44947E}"
EndProject
Project("{9A19103F-16F7-4668-BE54-9A1E7A4F7556}") = "Ordering.API", "Services\Ordering\Ordering.API\Ordering.API.csproj", "{CE783649-503A-4622-B676-9442A65AEF5E}"
EndProject
Project("{9A19103F-16F7-4668-BE54-9A1E7A4F7556}") = "Ordering.Domain", "Services\Ordering\Ordering.Domain\Ordering.Domain.csproj", "{C3F4E88E-87AA-4E29-8953-6A45CCCE8B70}"
EndProject
Project("{9A19103F-16F7-4668-BE54-9A1E7A4F7556}") = "Ordering.Application", "Services\Ordering\Ordering.Application\Ordering.Application.csproj", "{374696DF-5EA3-4769-A2DE-B9117E985B6F}"
EndProject
Project("{9A19103F-16F7-4668-BE54-9A1E7A4F7556}") = "Ordering.Infrastructure", "Services\Ordering\Ordering.Infrastructure\Ordering.Infrastructure.csproj", "{F300E04F-8633-412A-BEB4-9BC943C04829}"
EndProject
Project("{2150E333-8FDC-42A3-9474-1A3956D46DE8}") = "BuildingBlocks", "BuildingBlocks", "{0C6E8425-E6DB-4604-AC3A-9C5CA62C1622}"
EndProject
Project("{FAE04EC0-301F-11D3-BF4B-00C04F79EFBC}") = "EventBus.Messages", "BuildingBlocks\EventBus.Messages\EventBus.Messages.csproj", "{BE8C9E39-FC0D-4C7D-8AF3-86C22EBB9AD8}"
EndProject
Project("{2150E333-8FDC-42A3-9474-1A3956D46DE8}") = "ApiGateways", "ApiGateways", "{4E5F1C59-F401-4280-8E68-F4AC74AF9BA9}"
EndProject
Project("{FAE04EC0-301F-11D3-BF4B-00C04F79EFBC}") = "OcelotApiGw", "ApiGateways\OcelotApiGw\OcelotApiGw.csproj", "{83C54AC2-A76B-4B03-B174-7A5FB0983942}"
EndProject
Project("{FAE04EC0-301F-11D3-BF4B-00C04F79EFBC}") = "Shopping.Aggregator", "ApiGateways\Shopping.Aggregator\Shopping.Aggregator.csproj", "{87ACDD70-ADA9-4349-ADA2-CA403CEB1145}"
EndProject
Global
	GlobalSection(SolutionConfigurationPlatforms) = preSolution
		Debug|Any CPU = Debug|Any CPU
		Release|Any CPU = Release|Any CPU
	EndGlobalSection
	GlobalSection(ProjectConfigurationPlatforms) = postSolution
		{54C4AE34-E91C-4CA6-BA70-4056E290AC28}.Debug|Any CPU.ActiveCfg = Debug|Any CPU
		{54C4AE34-E91C-4CA6-BA70-4056E290AC28}.Debug|Any CPU.Build.0 = Debug|Any CPU
		{54C4AE34-E91C-4CA6-BA70-4056E290AC28}.Release|Any CPU.ActiveCfg = Release|Any CPU
		{54C4AE34-E91C-4CA6-BA70-4056E290AC28}.Release|Any CPU.Build.0 = Release|Any CPU
		{EA209A75-69D8-4695-955D-CF8E3FF7B5D5}.Debug|Any CPU.ActiveCfg = Debug|Any CPU
		{EA209A75-69D8-4695-955D-CF8E3FF7B5D5}.Debug|Any CPU.Build.0 = Debug|Any CPU
		{EA209A75-69D8-4695-955D-CF8E3FF7B5D5}.Release|Any CPU.ActiveCfg = Release|Any CPU
		{EA209A75-69D8-4695-955D-CF8E3FF7B5D5}.Release|Any CPU.Build.0 = Release|Any CPU
		{C0E853C4-58C4-493E-9DDF-C169742ED6E0}.Debug|Any CPU.ActiveCfg = Debug|Any CPU
		{C0E853C4-58C4-493E-9DDF-C169742ED6E0}.Debug|Any CPU.Build.0 = Debug|Any CPU
		{C0E853C4-58C4-493E-9DDF-C169742ED6E0}.Release|Any CPU.ActiveCfg = Release|Any CPU
		{C0E853C4-58C4-493E-9DDF-C169742ED6E0}.Release|Any CPU.Build.0 = Release|Any CPU
		{5CD797A4-9FBD-4357-A808-81709094860E}.Debug|Any CPU.ActiveCfg = Debug|Any CPU
		{5CD797A4-9FBD-4357-A808-81709094860E}.Debug|Any CPU.Build.0 = Debug|Any CPU
		{5CD797A4-9FBD-4357-A808-81709094860E}.Release|Any CPU.ActiveCfg = Release|Any CPU
		{5CD797A4-9FBD-4357-A808-81709094860E}.Release|Any CPU.Build.0 = Release|Any CPU
		{871DC170-BB4B-43F1-8C01-B354BBACDECE}.Debug|Any CPU.ActiveCfg = Debug|Any CPU
		{871DC170-BB4B-43F1-8C01-B354BBACDECE}.Debug|Any CPU.Build.0 = Debug|Any CPU
		{871DC170-BB4B-43F1-8C01-B354BBACDECE}.Release|Any CPU.ActiveCfg = Release|Any CPU
		{871DC170-BB4B-43F1-8C01-B354BBACDECE}.Release|Any CPU.Build.0 = Release|Any CPU
		{CE783649-503A-4622-B676-9442A65AEF5E}.Debug|Any CPU.ActiveCfg = Debug|Any CPU
		{CE783649-503A-4622-B676-9442A65AEF5E}.Debug|Any CPU.Build.0 = Debug|Any CPU
		{CE783649-503A-4622-B676-9442A65AEF5E}.Release|Any CPU.ActiveCfg = Release|Any CPU
		{CE783649-503A-4622-B676-9442A65AEF5E}.Release|Any CPU.Build.0 = Release|Any CPU
		{C3F4E88E-87AA-4E29-8953-6A45CCCE8B70}.Debug|Any CPU.ActiveCfg = Debug|Any CPU
		{C3F4E88E-87AA-4E29-8953-6A45CCCE8B70}.Debug|Any CPU.Build.0 = Debug|Any CPU
		{C3F4E88E-87AA-4E29-8953-6A45CCCE8B70}.Release|Any CPU.ActiveCfg = Release|Any CPU
		{C3F4E88E-87AA-4E29-8953-6A45CCCE8B70}.Release|Any CPU.Build.0 = Release|Any CPU
		{374696DF-5EA3-4769-A2DE-B9117E985B6F}.Debug|Any CPU.ActiveCfg = Debug|Any CPU
		{374696DF-5EA3-4769-A2DE-B9117E985B6F}.Debug|Any CPU.Build.0 = Debug|Any CPU
		{374696DF-5EA3-4769-A2DE-B9117E985B6F}.Release|Any CPU.ActiveCfg = Release|Any CPU
		{374696DF-5EA3-4769-A2DE-B9117E985B6F}.Release|Any CPU.Build.0 = Release|Any CPU
		{F300E04F-8633-412A-BEB4-9BC943C04829}.Debug|Any CPU.ActiveCfg = Debug|Any CPU
		{F300E04F-8633-412A-BEB4-9BC943C04829}.Debug|Any CPU.Build.0 = Debug|Any CPU
		{F300E04F-8633-412A-BEB4-9BC943C04829}.Release|Any CPU.ActiveCfg = Release|Any CPU
		{F300E04F-8633-412A-BEB4-9BC943C04829}.Release|Any CPU.Build.0 = Release|Any CPU
		{BE8C9E39-FC0D-4C7D-8AF3-86C22EBB9AD8}.Debug|Any CPU.ActiveCfg = Debug|Any CPU
		{BE8C9E39-FC0D-4C7D-8AF3-86C22EBB9AD8}.Debug|Any CPU.Build.0 = Debug|Any CPU
		{BE8C9E39-FC0D-4C7D-8AF3-86C22EBB9AD8}.Release|Any CPU.ActiveCfg = Release|Any CPU
		{BE8C9E39-FC0D-4C7D-8AF3-86C22EBB9AD8}.Release|Any CPU.Build.0 = Release|Any CPU
		{83C54AC2-A76B-4B03-B174-7A5FB0983942}.Debug|Any CPU.ActiveCfg = Debug|Any CPU
		{83C54AC2-A76B-4B03-B174-7A5FB0983942}.Debug|Any CPU.Build.0 = Debug|Any CPU
		{83C54AC2-A76B-4B03-B174-7A5FB0983942}.Release|Any CPU.ActiveCfg = Release|Any CPU
		{83C54AC2-A76B-4B03-B174-7A5FB0983942}.Release|Any CPU.Build.0 = Release|Any CPU
		{87ACDD70-ADA9-4349-ADA2-CA403CEB1145}.Debug|Any CPU.ActiveCfg = Debug|Any CPU
		{87ACDD70-ADA9-4349-ADA2-CA403CEB1145}.Debug|Any CPU.Build.0 = Debug|Any CPU
		{87ACDD70-ADA9-4349-ADA2-CA403CEB1145}.Release|Any CPU.ActiveCfg = Release|Any CPU
		{87ACDD70-ADA9-4349-ADA2-CA403CEB1145}.Release|Any CPU.Build.0 = Release|Any CPU
	EndGlobalSection
	GlobalSection(SolutionProperties) = preSolution
		HideSolutionNode = FALSE
	EndGlobalSection
	GlobalSection(NestedProjects) = preSolution
		{98799589-B4E0-4B7A-A09F-662A90BFF3E4} = {813415B2-6FAE-4116-892C-33F58E4B09B6}
		{54C4AE34-E91C-4CA6-BA70-4056E290AC28} = {98799589-B4E0-4B7A-A09F-662A90BFF3E4}
		{7F340637-C731-49BF-9E0D-914BC218C9E3} = {813415B2-6FAE-4116-892C-33F58E4B09B6}
		{C0E853C4-58C4-493E-9DDF-C169742ED6E0} = {7F340637-C731-49BF-9E0D-914BC218C9E3}
		{7648FFEC-2115-4A73-9164-22DBA32929C3} = {813415B2-6FAE-4116-892C-33F58E4B09B6}
		{5CD797A4-9FBD-4357-A808-81709094860E} = {7648FFEC-2115-4A73-9164-22DBA32929C3}
		{871DC170-BB4B-43F1-8C01-B354BBACDECE} = {7648FFEC-2115-4A73-9164-22DBA32929C3}
		{59424D70-FA39-4F37-BEA4-A2E59E44947E} = {813415B2-6FAE-4116-892C-33F58E4B09B6}
		{CE783649-503A-4622-B676-9442A65AEF5E} = {59424D70-FA39-4F37-BEA4-A2E59E44947E}
		{C3F4E88E-87AA-4E29-8953-6A45CCCE8B70} = {59424D70-FA39-4F37-BEA4-A2E59E44947E}
		{374696DF-5EA3-4769-A2DE-B9117E985B6F} = {59424D70-FA39-4F37-BEA4-A2E59E44947E}
		{F300E04F-8633-412A-BEB4-9BC943C04829} = {59424D70-FA39-4F37-BEA4-A2E59E44947E}
		{BE8C9E39-FC0D-4C7D-8AF3-86C22EBB9AD8} = {0C6E8425-E6DB-4604-AC3A-9C5CA62C1622}
		{83C54AC2-A76B-4B03-B174-7A5FB0983942} = {4E5F1C59-F401-4280-8E68-F4AC74AF9BA9}
		{87ACDD70-ADA9-4349-ADA2-CA403CEB1145} = {4E5F1C59-F401-4280-8E68-F4AC74AF9BA9}
	EndGlobalSection
	GlobalSection(ExtensibilityGlobals) = postSolution
		SolutionGuid = {B7B84CA6-663E-43D5-97A8-FB0373028BAD}
	EndGlobalSection
EndGlobal
