
Microsoft Visual Studio Solution File, Format Version 12.00
# Visual Studio Version 16
VisualStudioVersion = 16.0.31729.503
MinimumVisualStudioVersion = 10.0.40219.1
Project("{2150E333-8FDC-42A3-9474-1A3956D46DE8}") = "Services", "Services", "{813415B2-6FAE-4116-892C-33F58E4B09B6}"
EndProject
Project("{2150E333-8FDC-42A3-9474-1A3956D46DE8}") = "Catalog", "Catalog", "{98799589-B4E0-4B7A-A09F-662A90BFF3E4}"
EndProject
Project("{9A19103F-16F7-4668-BE54-9A1E7A4F7556}") = "Catalog.API", "Services\Catalog\Catalog.API\Catalog.API.csproj", "{54C4AE34-E91C-4CA6-BA70-4056E290AC28}"
EndProject
Project("{E53339B2-1760-4266-BCC7-CA923CBCF16C}") = "docker-compose", "docker-compose.dcproj", "{EA209A75-69D8-4695-955D-CF8E3FF7B5D5}"
EndProject
Project("{2150E333-8FDC-42A3-9474-1A3956D46DE8}") = "Basket", "Basket", "{7F340637-C731-49BF-9E0D-914BC218C9E3}"
EndProject
Project("{FAE04EC0-301F-11D3-BF4B-00C04F79EFBC}") = "Basket.API", "Services\Basket\Basket.API\Basket.API.csproj", "{C0E853C4-58C4-493E-9DDF-C169742ED6E0}"
EndProject
Global
	GlobalSection(SolutionConfigurationPlatforms) = preSolution
		Debug|Any CPU = Debug|Any CPU
		Release|Any CPU = Release|Any CPU
	EndGlobalSection
	GlobalSection(ProjectConfigurationPlatforms) = postSolution
		{54C4AE34-E91C-4CA6-BA70-4056E290AC28}.Debug|Any CPU.ActiveCfg = Debug|Any CPU
		{54C4AE34-E91C-4CA6-BA70-4056E290AC28}.Debug|Any CPU.Build.0 = Debug|Any CPU
		{54C4AE34-E91C-4CA6-BA70-4056E290AC28}.Release|Any CPU.ActiveCfg = Release|Any CPU
		{54C4AE34-E91C-4CA6-BA70-4056E290AC28}.Release|Any CPU.Build.0 = Release|Any CPU
		{EA209A75-69D8-4695-955D-CF8E3FF7B5D5}.Debug|Any CPU.ActiveCfg = Debug|Any CPU
		{EA209A75-69D8-4695-955D-CF8E3FF7B5D5}.Debug|Any CPU.Build.0 = Debug|Any CPU
		{EA209A75-69D8-4695-955D-CF8E3FF7B5D5}.Release|Any CPU.ActiveCfg = Release|Any CPU
		{EA209A75-69D8-4695-955D-CF8E3FF7B5D5}.Release|Any CPU.Build.0 = Release|Any CPU
		{C0E853C4-58C4-493E-9DDF-C169742ED6E0}.Debug|Any CPU.ActiveCfg = Debug|Any CPU
		{C0E853C4-58C4-493E-9DDF-C169742ED6E0}.Debug|Any CPU.Build.0 = Debug|Any CPU
		{C0E853C4-58C4-493E-9DDF-C169742ED6E0}.Release|Any CPU.ActiveCfg = Release|Any CPU
		{C0E853C4-58C4-493E-9DDF-C169742ED6E0}.Release|Any CPU.Build.0 = Release|Any CPU
	EndGlobalSection
	GlobalSection(SolutionProperties) = preSolution
		HideSolutionNode = FALSE
	EndGlobalSection
	GlobalSection(NestedProjects) = preSolution
		{98799589-B4E0-4B7A-A09F-662A90BFF3E4} = {813415B2-6FAE-4116-892C-33F58E4B09B6}
		{54C4AE34-E91C-4CA6-BA70-4056E290AC28} = {98799589-B4E0-4B7A-A09F-662A90BFF3E4}
		{7F340637-C731-49BF-9E0D-914BC218C9E3} = {813415B2-6FAE-4116-892C-33F58E4B09B6}
		{C0E853C4-58C4-493E-9DDF-C169742ED6E0} = {7F340637-C731-49BF-9E0D-914BC218C9E3}
	EndGlobalSection
	GlobalSection(ExtensibilityGlobals) = postSolution
		SolutionGuid = {B7B84CA6-663E-43D5-97A8-FB0373028BAD}
	EndGlobalSection
EndGlobal
